
Microsoft Visual Studio Solution File, Format Version 12.00
# Visual Studio Version 17
VisualStudioVersion = 17.14.36408.4 d17.14
MinimumVisualStudioVersion = 10.0.40219.1
Project("{FAE04EC0-301F-11D3-BF4B-00C04F79EFBC}") = "IL A25_1.Semester_M319", "IL A25_1.Semester_M319.csproj", "{B6B74495-E77F-48E4-93DA-E89159B5F77F}"
EndProject
Global
	GlobalSection(SolutionConfigurationPlatforms) = preSolution
		Debug|Any CPU = Debug|Any CPU
		Release|Any CPU = Release|Any CPU
	EndGlobalSection
	GlobalSection(ProjectConfigurationPlatforms) = postSolution
		{B6B74495-E77F-48E4-93DA-E89159B5F77F}.Debug|Any CPU.ActiveCfg = Debug|Any CPU
		{B6B74495-E77F-48E4-93DA-E89159B5F77F}.Debug|Any CPU.Build.0 = Debug|Any CPU
		{B6B74495-E77F-48E4-93DA-E89159B5F77F}.Release|Any CPU.ActiveCfg = Release|Any CPU
		{B6B74495-E77F-48E4-93DA-E89159B5F77F}.Release|Any CPU.Build.0 = Release|Any CPU
	EndGlobalSection
	GlobalSection(SolutionProperties) = preSolution
		HideSolutionNode = FALSE
	EndGlobalSection
	GlobalSection(ExtensibilityGlobals) = postSolution
		SolutionGuid = {B55091D9-E6B2-407A-85B5-C8407C096568}
	EndGlobalSection
EndGlobal
